
Microsoft Visual Studio Solution File, Format Version 12.00
# Visual Studio Version 16
VisualStudioVersion = 16.0.29509.3
MinimumVisualStudioVersion = 10.0.40219.1
Project("{9A19103F-16F7-4668-BE54-9A1E7A4F7556}") = "SingleLinkedListtCode", "ConsoleAlgorithms\SingleLinkedListtCode.csproj", "{CD563BAB-D278-4398-8E0B-2D5D1D2E86D7}"
EndProject
Project("{9A19103F-16F7-4668-BE54-9A1E7A4F7556}") = "StackArrayProject", "StackArrayProject\StackArrayProject.csproj", "{D2493C93-2B08-4AF3-9B23-5D23C82AC698}"
EndProject
Project("{9A19103F-16F7-4668-BE54-9A1E7A4F7556}") = "StackLinkedList", "StackLinkedList\StackLinkedList.csproj", "{11926C56-39A8-4D0D-95FB-07CA0C1890AB}"
EndProject
Project("{9A19103F-16F7-4668-BE54-9A1E7A4F7556}") = "QueueArrayProject", "QueueArrayProject\QueueArrayProject.csproj", "{BC179D2A-CF1D-4F79-B6C5-07C1C394AF6C}"
EndProject
Project("{9A19103F-16F7-4668-BE54-9A1E7A4F7556}") = "RecursionFactorial", "RecursionFactorial\RecursionFactorial.csproj", "{E3EAC59C-BBC4-45DE-903B-74D3595AD0C6}"
EndProject
Project("{9A19103F-16F7-4668-BE54-9A1E7A4F7556}") = "Recursion1toN", "Recursion1toN\Recursion1toN.csproj", "{EFC2E479-BB0A-40DC-9E55-8C648AC15D2B}"
EndProject
Project("{9A19103F-16F7-4668-BE54-9A1E7A4F7556}") = "SumOfDigitsRecursion", "SumOfDigitsRecursion\SumOfDigitsRecursion.csproj", "{19CE61DC-005C-4F06-A7EB-D6089CBF60BA}"
EndProject
Project("{FAE04EC0-301F-11D3-BF4B-00C04F79EFBC}") = "LeetcodePractice", "LeetcodePractice\LeetcodePractice.csproj", "{999B3970-3FA9-4EAC-8EE8-904D94B4F6EF}"
EndProject
Global
	GlobalSection(SolutionConfigurationPlatforms) = preSolution
		Debug|Any CPU = Debug|Any CPU
		Release|Any CPU = Release|Any CPU
	EndGlobalSection
	GlobalSection(ProjectConfigurationPlatforms) = postSolution
		{CD563BAB-D278-4398-8E0B-2D5D1D2E86D7}.Debug|Any CPU.ActiveCfg = Debug|Any CPU
		{CD563BAB-D278-4398-8E0B-2D5D1D2E86D7}.Debug|Any CPU.Build.0 = Debug|Any CPU
		{CD563BAB-D278-4398-8E0B-2D5D1D2E86D7}.Release|Any CPU.ActiveCfg = Release|Any CPU
		{CD563BAB-D278-4398-8E0B-2D5D1D2E86D7}.Release|Any CPU.Build.0 = Release|Any CPU
		{D2493C93-2B08-4AF3-9B23-5D23C82AC698}.Debug|Any CPU.ActiveCfg = Debug|Any CPU
		{D2493C93-2B08-4AF3-9B23-5D23C82AC698}.Debug|Any CPU.Build.0 = Debug|Any CPU
		{D2493C93-2B08-4AF3-9B23-5D23C82AC698}.Release|Any CPU.ActiveCfg = Release|Any CPU
		{D2493C93-2B08-4AF3-9B23-5D23C82AC698}.Release|Any CPU.Build.0 = Release|Any CPU
		{11926C56-39A8-4D0D-95FB-07CA0C1890AB}.Debug|Any CPU.ActiveCfg = Debug|Any CPU
		{11926C56-39A8-4D0D-95FB-07CA0C1890AB}.Debug|Any CPU.Build.0 = Debug|Any CPU
		{11926C56-39A8-4D0D-95FB-07CA0C1890AB}.Release|Any CPU.ActiveCfg = Release|Any CPU
		{11926C56-39A8-4D0D-95FB-07CA0C1890AB}.Release|Any CPU.Build.0 = Release|Any CPU
		{BC179D2A-CF1D-4F79-B6C5-07C1C394AF6C}.Debug|Any CPU.ActiveCfg = Debug|Any CPU
		{BC179D2A-CF1D-4F79-B6C5-07C1C394AF6C}.Debug|Any CPU.Build.0 = Debug|Any CPU
		{BC179D2A-CF1D-4F79-B6C5-07C1C394AF6C}.Release|Any CPU.ActiveCfg = Release|Any CPU
		{BC179D2A-CF1D-4F79-B6C5-07C1C394AF6C}.Release|Any CPU.Build.0 = Release|Any CPU
		{E3EAC59C-BBC4-45DE-903B-74D3595AD0C6}.Debug|Any CPU.ActiveCfg = Debug|Any CPU
		{E3EAC59C-BBC4-45DE-903B-74D3595AD0C6}.Debug|Any CPU.Build.0 = Debug|Any CPU
		{E3EAC59C-BBC4-45DE-903B-74D3595AD0C6}.Release|Any CPU.ActiveCfg = Release|Any CPU
		{E3EAC59C-BBC4-45DE-903B-74D3595AD0C6}.Release|Any CPU.Build.0 = Release|Any CPU
		{EFC2E479-BB0A-40DC-9E55-8C648AC15D2B}.Debug|Any CPU.ActiveCfg = Debug|Any CPU
		{EFC2E479-BB0A-40DC-9E55-8C648AC15D2B}.Debug|Any CPU.Build.0 = Debug|Any CPU
		{EFC2E479-BB0A-40DC-9E55-8C648AC15D2B}.Release|Any CPU.ActiveCfg = Release|Any CPU
		{EFC2E479-BB0A-40DC-9E55-8C648AC15D2B}.Release|Any CPU.Build.0 = Release|Any CPU
		{19CE61DC-005C-4F06-A7EB-D6089CBF60BA}.Debug|Any CPU.ActiveCfg = Debug|Any CPU
		{19CE61DC-005C-4F06-A7EB-D6089CBF60BA}.Debug|Any CPU.Build.0 = Debug|Any CPU
		{19CE61DC-005C-4F06-A7EB-D6089CBF60BA}.Release|Any CPU.ActiveCfg = Release|Any CPU
		{19CE61DC-005C-4F06-A7EB-D6089CBF60BA}.Release|Any CPU.Build.0 = Release|Any CPU
		{999B3970-3FA9-4EAC-8EE8-904D94B4F6EF}.Debug|Any CPU.ActiveCfg = Debug|Any CPU
		{999B3970-3FA9-4EAC-8EE8-904D94B4F6EF}.Debug|Any CPU.Build.0 = Debug|Any CPU
		{999B3970-3FA9-4EAC-8EE8-904D94B4F6EF}.Release|Any CPU.ActiveCfg = Release|Any CPU
		{999B3970-3FA9-4EAC-8EE8-904D94B4F6EF}.Release|Any CPU.Build.0 = Release|Any CPU
	EndGlobalSection
	GlobalSection(SolutionProperties) = preSolution
		HideSolutionNode = FALSE
	EndGlobalSection
	GlobalSection(ExtensibilityGlobals) = postSolution
		SolutionGuid = {427C11B8-E805-43C9-B599-D1722BC2608B}
	EndGlobalSection
EndGlobal
